
Microsoft Visual Studio Solution File, Format Version 12.00
Project("{FAE04EC0-301F-11D3-BF4B-00C04F79EFBC}") = "MBusDecoderApp", "MBusDecoderApp\MBusDecoderApp.csproj", "{ADBFB6C4-7FC5-4602-8BC4-805CCEA9B0D7}"
EndProject
Global
	GlobalSection(SolutionConfigurationPlatforms) = preSolution
		Debug|Any CPU = Debug|Any CPU
		Release|Any CPU = Release|Any CPU
	EndGlobalSection
	GlobalSection(ProjectConfigurationPlatforms) = postSolution
		{ADBFB6C4-7FC5-4602-8BC4-805CCEA9B0D7}.Debug|Any CPU.ActiveCfg = Debug|Any CPU
		{ADBFB6C4-7FC5-4602-8BC4-805CCEA9B0D7}.Debug|Any CPU.Build.0 = Debug|Any CPU
		{ADBFB6C4-7FC5-4602-8BC4-805CCEA9B0D7}.Release|Any CPU.ActiveCfg = Release|Any CPU
		{ADBFB6C4-7FC5-4602-8BC4-805CCEA9B0D7}.Release|Any CPU.Build.0 = Release|Any CPU
	EndGlobalSection
EndGlobal
